
Microsoft Visual Studio Solution File, Format Version 12.00
# Visual Studio Version 16
VisualStudioVersion = 16.0.30717.126
MinimumVisualStudioVersion = 10.0.40219.1
Project("{FAE04EC0-301F-11D3-BF4B-00C04F79EFBC}") = "adventCal", "adventCal\adventCal.csproj", "{AD1D44C8-A1FF-4594-BD20-AB5034F16767}"
EndProject
Global
	GlobalSection(SolutionConfigurationPlatforms) = preSolution
		Debug|Any CPU = Debug|Any CPU
		Release|Any CPU = Release|Any CPU
	EndGlobalSection
	GlobalSection(ProjectConfigurationPlatforms) = postSolution
		{AD1D44C8-A1FF-4594-BD20-AB5034F16767}.Debug|Any CPU.ActiveCfg = Debug|Any CPU
		{AD1D44C8-A1FF-4594-BD20-AB5034F16767}.Debug|Any CPU.Build.0 = Debug|Any CPU
		{AD1D44C8-A1FF-4594-BD20-AB5034F16767}.Release|Any CPU.ActiveCfg = Release|Any CPU
		{AD1D44C8-A1FF-4594-BD20-AB5034F16767}.Release|Any CPU.Build.0 = Release|Any CPU
	EndGlobalSection
	GlobalSection(SolutionProperties) = preSolution
		HideSolutionNode = FALSE
	EndGlobalSection
	GlobalSection(ExtensibilityGlobals) = postSolution
		SolutionGuid = {5E917804-0D99-4432-8788-43063510CFD2}
	EndGlobalSection
EndGlobal
